// !$*UTF8*$!
{
	archiveVersion = 1;
	classes = {
	};
	objectVersion = 46;
	objects = {

/* Begin PBXBuildFile section */
		3C02A4041DB8AD33004BEFFD /* AppDelegate.swift in Sources */ = {isa = PBXBuildFile; fileRef = 3C02A4031DB8AD33004BEFFD /* AppDelegate.swift */; };
		3C02A4061DB8AD33004BEFFD /* ViewController.swift in Sources */ = {isa = PBXBuildFile; fileRef = 3C02A4051DB8AD33004BEFFD /* ViewController.swift */; };
		3C02A4091DB8AD33004BEFFD /* Main.storyboard in Resources */ = {isa = PBXBuildFile; fileRef = 3C02A4071DB8AD33004BEFFD /* Main.storyboard */; };
		3C02A40B1DB8AD33004BEFFD /* Assets.xcassets in Resources */ = {isa = PBXBuildFile; fileRef = 3C02A40A1DB8AD33004BEFFD /* Assets.xcassets */; };
		3C02A40E1DB8AD33004BEFFD /* LaunchScreen.storyboard in Resources */ = {isa = PBXBuildFile; fileRef = 3C02A40C1DB8AD33004BEFFD /* LaunchScreen.storyboard */; };
		3C02A4181DB8ADB5004BEFFD /* one.png in Resources */ = {isa = PBXBuildFile; fileRef = 3C02A4151DB8ADB5004BEFFD /* one.png */; };
		3C02A4191DB8ADB5004BEFFD /* one@2x.png in Resources */ = {isa = PBXBuildFile; fileRef = 3C02A4161DB8ADB5004BEFFD /* one@2x.png */; };
		3C02A41A1DB8ADB5004BEFFD /* one@3x.png in Resources */ = {isa = PBXBuildFile; fileRef = 3C02A4171DB8ADB5004BEFFD /* one@3x.png */; };
		3C08D6851DB943B300527F0D /* Info2.plist in Resources */ = {isa = PBXBuildFile; fileRef = 3C08D6841DB943B300527F0D /* Info2.plist */; };
		3C22ED151DB9433800970218 /* ViewController.swift in Sources */ = {isa = PBXBuildFile; fileRef = 3C02A4051DB8AD33004BEFFD /* ViewController.swift */; };
		3C22ED161DB9433800970218 /* AppDelegate.swift in Sources */ = {isa = PBXBuildFile; fileRef = 3C02A4031DB8AD33004BEFFD /* AppDelegate.swift */; };
		3C22ED191DB9433800970218 /* one.png in Resources */ = {isa = PBXBuildFile; fileRef = 3C02A4151DB8ADB5004BEFFD /* one.png */; };
		3C22ED1A1DB9433800970218 /* LaunchScreen.storyboard in Resources */ = {isa = PBXBuildFile; fileRef = 3C02A40C1DB8AD33004BEFFD /* LaunchScreen.storyboard */; };
		3C22ED1B1DB9433800970218 /* one@3x.png in Resources */ = {isa = PBXBuildFile; fileRef = 3C02A4171DB8ADB5004BEFFD /* one@3x.png */; };
		3C22ED1C1DB9433800970218 /* Assets.xcassets in Resources */ = {isa = PBXBuildFile; fileRef = 3C02A40A1DB8AD33004BEFFD /* Assets.xcassets */; };
		3C22ED1D1DB9433800970218 /* one@2x.png in Resources */ = {isa = PBXBuildFile; fileRef = 3C02A4161DB8ADB5004BEFFD /* one@2x.png */; };
		3C22ED1E1DB9433800970218 /* Main.storyboard in Resources */ = {isa = PBXBuildFile; fileRef = 3C02A4071DB8AD33004BEFFD /* Main.storyboard */; };
/* End PBXBuildFile section */

/* Begin PBXFileReference section */
		3C02A4001DB8AD32004BEFFD /* SwiftScale.app */ = {isa = PBXFileReference; explicitFileType = wrapper.application; includeInIndex = 0; path = SwiftScale.app; sourceTree = BUILT_PRODUCTS_DIR; };
		3C02A4031DB8AD33004BEFFD /* AppDelegate.swift */ = {isa = PBXFileReference; lastKnownFileType = sourcecode.swift; path = AppDelegate.swift; sourceTree = "<group>"; };
		3C02A4051DB8AD33004BEFFD /* ViewController.swift */ = {isa = PBXFileReference; lastKnownFileType = sourcecode.swift; path = ViewController.swift; sourceTree = "<group>"; };
		3C02A4081DB8AD33004BEFFD /* Base */ = {isa = PBXFileReference; lastKnownFileType = file.storyboard; name = Base; path = Base.lproj/Main.storyboard; sourceTree = "<group>"; };
		3C02A40A1DB8AD33004BEFFD /* Assets.xcassets */ = {isa = PBXFileReference; lastKnownFileType = folder.assetcatalog; path = Assets.xcassets; sourceTree = "<group>"; };
		3C02A40D1DB8AD33004BEFFD /* Base */ = {isa = PBXFileReference; lastKnownFileType = file.storyboard; name = Base; path = Base.lproj/LaunchScreen.storyboard; sourceTree = "<group>"; };
		3C02A40F1DB8AD33004BEFFD /* Info.plist */ = {isa = PBXFileReference; lastKnownFileType = text.plist.xml; path = Info.plist; sourceTree = "<group>"; };
		3C02A4151DB8ADB5004BEFFD /* one.png */ = {isa = PBXFileReference; lastKnownFileType = image.png; path = one.png; sourceTree = "<group>"; };
		3C02A4161DB8ADB5004BEFFD /* one@2x.png */ = {isa = PBXFileReference; lastKnownFileType = image.png; path = "one@2x.png"; sourceTree = "<group>"; };
		3C02A4171DB8ADB5004BEFFD /* one@3x.png */ = {isa = PBXFileReference; lastKnownFileType = image.png; path = "one@3x.png"; sourceTree = "<group>"; };
		3C08D6841DB943B300527F0D /* Info2.plist */ = {isa = PBXFileReference; fileEncoding = 4; lastKnownFileType = text.plist.xml; path = Info2.plist; sourceTree = "<group>"; };
		3C22ED221DB9433800970218 /* SwiftScale2.app */ = {isa = PBXFileReference; explicitFileType = wrapper.application; includeInIndex = 0; path = SwiftScale2.app; sourceTree = BUILT_PRODUCTS_DIR; };
/* End PBXFileReference section */

/* Begin PBXFrameworksBuildPhase section */
		3C02A3FD1DB8AD32004BEFFD /* Frameworks */ = {
			isa = PBXFrameworksBuildPhase;
			buildActionMask = 2147483647;
			files = (
			);
			runOnlyForDeploymentPostprocessing = 0;
		};
		3C22ED171DB9433800970218 /* Frameworks */ = {
			isa = PBXFrameworksBuildPhase;
			buildActionMask = 2147483647;
			files = (
			);
			runOnlyForDeploymentPostprocessing = 0;
		};
/* End PBXFrameworksBuildPhase section */

/* Begin PBXGroup section */
		3C02A3F71DB8AD32004BEFFD = {
			isa = PBXGroup;
			children = (
				3C02A4021DB8AD33004BEFFD /* SwiftScale */,
				3C02A4011DB8AD33004BEFFD /* Products */,
			);
			sourceTree = "<group>";
		};
		3C02A4011DB8AD33004BEFFD /* Products */ = {
			isa = PBXGroup;
			children = (
				3C02A4001DB8AD32004BEFFD /* SwiftScale.app */,
				3C22ED221DB9433800970218 /* SwiftScale2.app */,
			);
			name = Products;
			sourceTree = "<group>";
		};
		3C02A4021DB8AD33004BEFFD /* SwiftScale */ = {
			isa = PBXGroup;
			children = (
				3C02A4031DB8AD33004BEFFD /* AppDelegate.swift */,
				3C02A4051DB8AD33004BEFFD /* ViewController.swift */,
				3C02A4071DB8AD33004BEFFD /* Main.storyboard */,
				3C02A40A1DB8AD33004BEFFD /* Assets.xcassets */,
				3C02A40C1DB8AD33004BEFFD /* LaunchScreen.storyboard */,
				3C02A40F1DB8AD33004BEFFD /* Info.plist */,
				3C08D6841DB943B300527F0D /* Info2.plist */,
				3C02A4151DB8ADB5004BEFFD /* one.png */,
				3C02A4161DB8ADB5004BEFFD /* one@2x.png */,
				3C02A4171DB8ADB5004BEFFD /* one@3x.png */,
			);
			path = SwiftScale;
			sourceTree = "<group>";
		};
/* End PBXGroup section */

/* Begin PBXNativeTarget section */
		3C02A3FF1DB8AD32004BEFFD /* SwiftScale */ = {
			isa = PBXNativeTarget;
			buildConfigurationList = 3C02A4121DB8AD33004BEFFD /* Build configuration list for PBXNativeTarget "SwiftScale" */;
			buildPhases = (
				3C02A3FC1DB8AD32004BEFFD /* Sources */,
				3C02A3FD1DB8AD32004BEFFD /* Frameworks */,
				3C02A3FE1DB8AD32004BEFFD /* Resources */,
			);
			buildRules = (
			);
			dependencies = (
			);
			name = SwiftScale;
			productName = SwiftScale;
			productReference = 3C02A4001DB8AD32004BEFFD /* SwiftScale.app */;
			productType = "com.apple.product-type.application";
		};
		3C22ED131DB9433800970218 /* SwiftScale2 */ = {
			isa = PBXNativeTarget;
			buildConfigurationList = 3C22ED1F1DB9433800970218 /* Build configuration list for PBXNativeTarget "SwiftScale2" */;
			buildPhases = (
				3C22ED141DB9433800970218 /* Sources */,
				3C22ED171DB9433800970218 /* Frameworks */,
				3C22ED181DB9433800970218 /* Resources */,
			);
			buildRules = (
			);
			dependencies = (
			);
			name = SwiftScale2;
			productName = SwiftScale;
			productReference = 3C22ED221DB9433800970218 /* SwiftScale2.app */;
			productType = "com.apple.product-type.application";
		};
/* End PBXNativeTarget section */

/* Begin PBXProject section */
		3C02A3F81DB8AD32004BEFFD /* Project object */ = {
			isa = PBXProject;
			attributes = {
				LastSwiftUpdateCheck = 0730;
				LastUpgradeCheck = 0730;
				ORGANIZATIONNAME = HelpURock;
				TargetAttributes = {
					3C02A3FF1DB8AD32004BEFFD = {
						CreatedOnToolsVersion = 7.3;
					};
				};
			};
			buildConfigurationList = 3C02A3FB1DB8AD32004BEFFD /* Build configuration list for PBXProject "SwiftScale" */;
			compatibilityVersion = "Xcode 3.2";
			developmentRegion = English;
			hasScannedForEncodings = 0;
			knownRegions = (
				en,
				Base,
			);
			mainGroup = 3C02A3F71DB8AD32004BEFFD;
			productRefGroup = 3C02A4011DB8AD33004BEFFD /* Products */;
			projectDirPath = "";
			projectRoot = "";
			targets = (
				3C02A3FF1DB8AD32004BEFFD /* SwiftScale */,
				3C22ED131DB9433800970218 /* SwiftScale2 */,
			);
		};
/* End PBXProject section */

/* Begin PBXResourcesBuildPhase section */
		3C02A3FE1DB8AD32004BEFFD /* Resources */ = {
			isa = PBXResourcesBuildPhase;
			buildActionMask = 2147483647;
			files = (
				3C02A4181DB8ADB5004BEFFD /* one.png in Resources */,
				3C08D6851DB943B300527F0D /* Info2.plist in Resources */,
				3C02A40E1DB8AD33004BEFFD /* LaunchScreen.storyboard in Resources */,
				3C02A41A1DB8ADB5004BEFFD /* one@3x.png in Resources */,
				3C02A40B1DB8AD33004BEFFD /* Assets.xcassets in Resources */,
				3C02A4191DB8ADB5004BEFFD /* one@2x.png in Resources */,
				3C02A4091DB8AD33004BEFFD /* Main.storyboard in Resources */,
			);
			runOnlyForDeploymentPostprocessing = 0;
		};
		3C22ED181DB9433800970218 /* Resources */ = {
			isa = PBXResourcesBuildPhase;
			buildActionMask = 2147483647;
			files = (
				3C22ED191DB9433800970218 /* one.png in Resources */,
				3C22ED1A1DB9433800970218 /* LaunchScreen.storyboard in Resources */,
				3C22ED1B1DB9433800970218 /* one@3x.png in Resources */,
				3C22ED1C1DB9433800970218 /* Assets.xcassets in Resources */,
				3C22ED1D1DB9433800970218 /* one@2x.png in Resources */,
				3C22ED1E1DB9433800970218 /* Main.storyboard in Resources */,
			);
			runOnlyForDeploymentPostprocessing = 0;
		};
/* End PBXResourcesBuildPhase section */

/* Begin PBXSourcesBuildPhase section */
		3C02A3FC1DB8AD32004BEFFD /* Sources */ = {
			isa = PBXSourcesBuildPhase;
			buildActionMask = 2147483647;
			files = (
				3C02A4061DB8AD33004BEFFD /* ViewController.swift in Sources */,
				3C02A4041DB8AD33004BEFFD /* AppDelegate.swift in Sources */,
			);
			runOnlyForDeploymentPostprocessing = 0;
		};
		3C22ED141DB9433800970218 /* Sources */ = {
			isa = PBXSourcesBuildPhase;
			buildActionMask = 2147483647;
			files = (
				3C22ED151DB9433800970218 /* ViewController.swift in Sources */,
				3C22ED161DB9433800970218 /* AppDelegate.swift in Sources */,
			);
			runOnlyForDeploymentPostprocessing = 0;
		};
/* End PBXSourcesBuildPhase section */

/* Begin PBXVariantGroup section */
		3C02A4071DB8AD33004BEFFD /* Main.storyboard */ = {
			isa = PBXVariantGroup;
			children = (
				3C02A4081DB8AD33004BEFFD /* Base */,
			);
			name = Main.storyboard;
			sourceTree = "<group>";
		};
		3C02A40C1DB8AD33004BEFFD /* LaunchScreen.storyboard */ = {
			isa = PBXVariantGroup;
			children = (
				3C02A40D1DB8AD33004BEFFD /* Base */,
			);
			name = LaunchScreen.storyboard;
			sourceTree = "<group>";
		};
/* End PBXVariantGroup section */

/* Begin XCBuildConfiguration section */
		3C02A4101DB8AD33004BEFFD /* Debug */ = {
			isa = XCBuildConfiguration;
			buildSettings = {
				ALWAYS_SEARCH_USER_PATHS = NO;
				CLANG_ANALYZER_NONNULL = YES;
				CLANG_CXX_LANGUAGE_STANDARD = "gnu++0x";
				CLANG_CXX_LIBRARY = "libc++";
				CLANG_ENABLE_MODULES = YES;
				CLANG_ENABLE_OBJC_ARC = YES;
				CLANG_WARN_BOOL_CONVERSION = YES;
				CLANG_WARN_CONSTANT_CONVERSION = YES;
				CLANG_WARN_DIRECT_OBJC_ISA_USAGE = YES_ERROR;
				CLANG_WARN_EMPTY_BODY = YES;
				CLANG_WARN_ENUM_CONVERSION = YES;
				CLANG_WARN_INT_CONVERSION = YES;
				CLANG_WARN_OBJC_ROOT_CLASS = YES_ERROR;
				CLANG_WARN_UNREACHABLE_CODE = YES;
				CLANG_WARN__DUPLICATE_METHOD_MATCH = YES;
				"CODE_SIGN_IDENTITY[sdk=iphoneos*]" = "iPhone Developer";
				COPY_PHASE_STRIP = NO;
				DEBUG_INFORMATION_FORMAT = dwarf;
				ENABLE_STRICT_OBJC_MSGSEND = YES;
				ENABLE_TESTABILITY = YES;
				GCC_C_LANGUAGE_STANDARD = gnu99;
				GCC_DYNAMIC_NO_PIC = NO;
				GCC_NO_COMMON_BLOCKS = YES;
				GCC_OPTIMIZATION_LEVEL = 0;
				GCC_PREPROCESSOR_DEFINITIONS = (
					"DEBUG=1",
					"$(inherited)",
				);
				GCC_WARN_64_TO_32_BIT_CONVERSION = YES;
				GCC_WARN_ABOUT_RETURN_TYPE = YES_ERROR;
				GCC_WARN_UNDECLARED_SELECTOR = YES;
				GCC_WARN_UNINITIALIZED_AUTOS = YES_AGGRESSIVE;
				GCC_WARN_UNUSED_FUNCTION = YES;
				GCC_WARN_UNUSED_VARIABLE = YES;
				IPHONEOS_DEPLOYMENT_TARGET = 9.0;
				MTL_ENABLE_DEBUG_INFO = YES;
				ONLY_ACTIVE_ARCH = YES;
				SDKROOT = iphoneos;
				SWIFT_OPTIMIZATION_LEVEL = "-Onone";
				TARGETED_DEVICE_FAMILY = "1,2";
			};
			name = Debug;
		};
		3C02A4111DB8AD33004BEFFD /* Release */ = {
			isa = XCBuildConfiguration;
			buildSettings = {
				ALWAYS_SEARCH_USER_PATHS = NO;
				CLANG_ANALYZER_NONNULL = YES;
				CLANG_CXX_LANGUAGE_STANDARD = "gnu++0x";
				CLANG_CXX_LIBRARY = "libc++";
				CLANG_ENABLE_MODULES = YES;
				CLANG_ENABLE_OBJC_ARC = YES;
				CLANG_WARN_BOOL_CONVERSION = YES;
				CLANG_WARN_CONSTANT_CONVERSION = YES;
				CLANG_WARN_DIRECT_OBJC_ISA_USAGE = YES_ERROR;
				CLANG_WARN_EMPTY_BODY = YES;
				CLANG_WARN_ENUM_CONVERSION = YES;
				CLANG_WARN_INT_CONVERSION = YES;
				CLANG_WARN_OBJC_ROOT_CLASS = YES_ERROR;
				CLANG_WARN_UNREACHABLE_CODE = YES;
				CLANG_WARN__DUPLICATE_METHOD_MATCH = YES;
				"CODE_SIGN_IDENTITY[sdk=iphoneos*]" = "iPhone Developer";
				COPY_PHASE_STRIP = NO;
				DEBUG_INFORMATION_FORMAT = "dwarf-with-dsym";
				ENABLE_NS_ASSERTIONS = NO;
				ENABLE_STRICT_OBJC_MSGSEND = YES;
				GCC_C_LANGUAGE_STANDARD = gnu99;
				GCC_NO_COMMON_BLOCKS = YES;
				GCC_WARN_64_TO_32_BIT_CONVERSION = YES;
				GCC_WARN_ABOUT_RETURN_TYPE = YES_ERROR;
				GCC_WARN_UNDECLARED_SELECTOR = YES;
				GCC_WARN_UNINITIALIZED_AUTOS = YES_AGGRESSIVE;
				GCC_WARN_UNUSED_FUNCTION = YES;
				GCC_WARN_UNUSED_VARIABLE = YES;
				IPHONEOS_DEPLOYMENT_TARGET = 9.0;
				MTL_ENABLE_DEBUG_INFO = NO;
				SDKROOT = iphoneos;
				TARGETED_DEVICE_FAMILY = "1,2";
				VALIDATE_PRODUCT = YES;
			};
			name = Release;
		};
		3C02A4131DB8AD33004BEFFD /* Debug */ = {
			isa = XCBuildConfiguration;
			buildSettings = {
				ASSETCATALOG_COMPILER_APPICON_NAME = AppIcon;
				INFOPLIST_FILE = SwiftScale/Info.plist;
				LD_RUNPATH_SEARCH_PATHS = "$(inherited) @executable_path/Frameworks";
				PRODUCT_BUNDLE_IDENTIFIER = com.helpurock.SwiftScale;
				PRODUCT_NAME = "$(TARGET_NAME)";
				TARGETED_DEVICE_FAMILY = "1,2";
			};
			name = Debug;
		};
		3C02A4141DB8AD33004BEFFD /* Release */ = {
			isa = XCBuildConfiguration;
			buildSettings = {
				ASSETCATALOG_COMPILER_APPICON_NAME = AppIcon;
				INFOPLIST_FILE = SwiftScale/Info.plist;
				LD_RUNPATH_SEARCH_PATHS = "$(inherited) @executable_path/Frameworks";
				PRODUCT_BUNDLE_IDENTIFIER = com.helpurock.SwiftScale;
				PRODUCT_NAME = "$(TARGET_NAME)";
				TARGETED_DEVICE_FAMILY = "1,2";
			};
			name = Release;
		};
		3C22ED201DB9433800970218 /* Debug */ = {
			isa = XCBuildConfiguration;
			buildSettings = {
				ASSETCATALOG_COMPILER_APPICON_NAME = AppIcon;
				INFOPLIST_FILE = SwiftScale/Info2.plist;
				LD_RUNPATH_SEARCH_PATHS = "$(inherited) @executable_path/Frameworks";
				PRODUCT_BUNDLE_IDENTIFIER = com.helpurock.SwiftScale;
				PRODUCT_NAME = "$(TARGET_NAME)";
				TARGETED_DEVICE_FAMILY = "1,2";
			};
			name = Debug;
		};
		3C22ED211DB9433800970218 /* Release */ = {
			isa = XCBuildConfiguration;
			buildSettings = {
				ASSETCATALOG_COMPILER_APPICON_NAME = AppIcon;
				INFOPLIST_FILE = SwiftScale/Info2.plist;
				LD_RUNPATH_SEARCH_PATHS = "$(inherited) @executable_path/Frameworks";
				PRODUCT_BUNDLE_IDENTIFIER = com.helpurock.SwiftScale;
				PRODUCT_NAME = "$(TARGET_NAME)";
				TARGETED_DEVICE_FAMILY = "1,2";
			};
			name = Release;
		};
/* End XCBuildConfiguration section */

/* Begin XCConfigurationList section */
		3C02A3FB1DB8AD32004BEFFD /* Build configuration list for PBXProject "SwiftScale" */ = {
			isa = XCConfigurationList;
			buildConfigurations = (
				3C02A4101DB8AD33004BEFFD /* Debug */,
				3C02A4111DB8AD33004BEFFD /* Release */,
			);
			defaultConfigurationIsVisible = 0;
			defaultConfigurationName = Release;
		};
		3C02A4121DB8AD33004BEFFD /* Build configuration list for PBXNativeTarget "SwiftScale" */ = {
			isa = XCConfigurationList;
			buildConfigurations = (
				3C02A4131DB8AD33004BEFFD /* Debug */,
				3C02A4141DB8AD33004BEFFD /* Release */,
			);
			defaultConfigurationIsVisible = 0;
			defaultConfigurationName = Release;
		};
		3C22ED1F1DB9433800970218 /* Build configuration list for PBXNativeTarget "SwiftScale2" */ = {
			isa = XCConfigurationList;
			buildConfigurations = (
				3C22ED201DB9433800970218 /* Debug */,
				3C22ED211DB9433800970218 /* Release */,
			);
			defaultConfigurationIsVisible = 0;
			defaultConfigurationName = Release;
		};
/* End XCConfigurationList section */
	};
	rootObject = 3C02A3F81DB8AD32004BEFFD /* Project object */;
}
